
Microsoft Visual Studio Solution File, Format Version 12.00
# Visual Studio 2012
Project("{FAE04EC0-301F-11D3-BF4B-00C04F79EFBC}") = "Snake", "Snake\Snake.csproj", "{DD13734F-CA30-4ABE-94F7-56EB2C2B3F57}"
EndProject
Global
	GlobalSection(SolutionConfigurationPlatforms) = preSolution
		Debug|Any CPU = Debug|Any CPU
		Release|Any CPU = Release|Any CPU
	EndGlobalSection
	GlobalSection(ProjectConfigurationPlatforms) = postSolution
		{DD13734F-CA30-4ABE-94F7-56EB2C2B3F57}.Debug|Any CPU.ActiveCfg = Debug|Any CPU
		{DD13734F-CA30-4ABE-94F7-56EB2C2B3F57}.Debug|Any CPU.Build.0 = Debug|Any CPU
		{DD13734F-CA30-4ABE-94F7-56EB2C2B3F57}.Release|Any CPU.ActiveCfg = Release|Any CPU
		{DD13734F-CA30-4ABE-94F7-56EB2C2B3F57}.Release|Any CPU.Build.0 = Release|Any CPU
	EndGlobalSection
	GlobalSection(SolutionProperties) = preSolution
		HideSolutionNode = FALSE
	EndGlobalSection
EndGlobal
